
Microsoft Visual Studio Solution File, Format Version 12.00
# Visual Studio Version 17
VisualStudioVersion = 17.0.31903.59
MinimumVisualStudioVersion = 10.0.40219.1
Project("{FAE04EC0-301F-11D3-BF4B-00C04F79EFBC}") = "SharedKernell", "SharedKernell\SharedKernell.csproj", "{E6939ED4-8B3E-4025-8B9C-D74DE423B6A0}"
EndProject
Project("{2150E333-8FDC-42A3-9474-1A3956D46DE8}") = "UserContext", "UserContext", "{F096DE9E-4D0C-413E-B5A6-58DFBA435D81}"
EndProject
Project("{FAE04EC0-301F-11D3-BF4B-00C04F79EFBC}") = "UserContext.Domain", "UserContext\UserContext.Domain\UserContext.Domain.csproj", "{99F70882-2CBE-40B1-9537-D9EA455D68BD}"
EndProject
Project("{FAE04EC0-301F-11D3-BF4B-00C04F79EFBC}") = "UserContext.Infrastructure", "UserContext\UserContext.Infrastructure\UserContext.Infrastructure.csproj", "{4B2D475F-8191-4AE0-975F-1D24AED376EE}"
EndProject
Project("{FAE04EC0-301F-11D3-BF4B-00C04F79EFBC}") = "UserContext.Application", "UserContext\UserContext.Application\UserContext.Application.csproj", "{47088E1F-8190-4502-AD90-5F919D81AF6A}"
EndProject
Project("{FAE04EC0-301F-11D3-BF4B-00C04F79EFBC}") = "Api", "Api\Api.csproj", "{2FB578D4-D431-492D-B6FC-707F2980B2CB}"
EndProject
Global
	GlobalSection(SolutionProperties) = preSolution
		HideSolutionNode = FALSE
	EndGlobalSection
	GlobalSection(SolutionConfigurationPlatforms) = preSolution
		Debug|Any CPU = Debug|Any CPU
		Debug|x64 = Debug|x64
		Debug|x86 = Debug|x86
		Release|Any CPU = Release|Any CPU
		Release|x64 = Release|x64
		Release|x86 = Release|x86
	EndGlobalSection
	GlobalSection(ProjectConfigurationPlatforms) = postSolution
		{E6939ED4-8B3E-4025-8B9C-D74DE423B6A0}.Debug|Any CPU.ActiveCfg = Debug|Any CPU
		{E6939ED4-8B3E-4025-8B9C-D74DE423B6A0}.Debug|Any CPU.Build.0 = Debug|Any CPU
		{E6939ED4-8B3E-4025-8B9C-D74DE423B6A0}.Debug|x64.ActiveCfg = Debug|Any CPU
		{E6939ED4-8B3E-4025-8B9C-D74DE423B6A0}.Debug|x64.Build.0 = Debug|Any CPU
		{E6939ED4-8B3E-4025-8B9C-D74DE423B6A0}.Debug|x86.ActiveCfg = Debug|Any CPU
		{E6939ED4-8B3E-4025-8B9C-D74DE423B6A0}.Debug|x86.Build.0 = Debug|Any CPU
		{E6939ED4-8B3E-4025-8B9C-D74DE423B6A0}.Release|Any CPU.ActiveCfg = Release|Any CPU
		{E6939ED4-8B3E-4025-8B9C-D74DE423B6A0}.Release|Any CPU.Build.0 = Release|Any CPU
		{E6939ED4-8B3E-4025-8B9C-D74DE423B6A0}.Release|x64.ActiveCfg = Release|Any CPU
		{E6939ED4-8B3E-4025-8B9C-D74DE423B6A0}.Release|x64.Build.0 = Release|Any CPU
		{E6939ED4-8B3E-4025-8B9C-D74DE423B6A0}.Release|x86.ActiveCfg = Release|Any CPU
		{E6939ED4-8B3E-4025-8B9C-D74DE423B6A0}.Release|x86.Build.0 = Release|Any CPU
		{99F70882-2CBE-40B1-9537-D9EA455D68BD}.Debug|Any CPU.ActiveCfg = Debug|Any CPU
		{99F70882-2CBE-40B1-9537-D9EA455D68BD}.Debug|Any CPU.Build.0 = Debug|Any CPU
		{99F70882-2CBE-40B1-9537-D9EA455D68BD}.Debug|x64.ActiveCfg = Debug|Any CPU
		{99F70882-2CBE-40B1-9537-D9EA455D68BD}.Debug|x64.Build.0 = Debug|Any CPU
		{99F70882-2CBE-40B1-9537-D9EA455D68BD}.Debug|x86.ActiveCfg = Debug|Any CPU
		{99F70882-2CBE-40B1-9537-D9EA455D68BD}.Debug|x86.Build.0 = Debug|Any CPU
		{99F70882-2CBE-40B1-9537-D9EA455D68BD}.Release|Any CPU.ActiveCfg = Release|Any CPU
		{99F70882-2CBE-40B1-9537-D9EA455D68BD}.Release|Any CPU.Build.0 = Release|Any CPU
		{99F70882-2CBE-40B1-9537-D9EA455D68BD}.Release|x64.ActiveCfg = Release|Any CPU
		{99F70882-2CBE-40B1-9537-D9EA455D68BD}.Release|x64.Build.0 = Release|Any CPU
		{99F70882-2CBE-40B1-9537-D9EA455D68BD}.Release|x86.ActiveCfg = Release|Any CPU
		{99F70882-2CBE-40B1-9537-D9EA455D68BD}.Release|x86.Build.0 = Release|Any CPU
		{4B2D475F-8191-4AE0-975F-1D24AED376EE}.Debug|Any CPU.ActiveCfg = Debug|Any CPU
		{4B2D475F-8191-4AE0-975F-1D24AED376EE}.Debug|Any CPU.Build.0 = Debug|Any CPU
		{4B2D475F-8191-4AE0-975F-1D24AED376EE}.Debug|x64.ActiveCfg = Debug|Any CPU
		{4B2D475F-8191-4AE0-975F-1D24AED376EE}.Debug|x64.Build.0 = Debug|Any CPU
		{4B2D475F-8191-4AE0-975F-1D24AED376EE}.Debug|x86.ActiveCfg = Debug|Any CPU
		{4B2D475F-8191-4AE0-975F-1D24AED376EE}.Debug|x86.Build.0 = Debug|Any CPU
		{4B2D475F-8191-4AE0-975F-1D24AED376EE}.Release|Any CPU.ActiveCfg = Release|Any CPU
		{4B2D475F-8191-4AE0-975F-1D24AED376EE}.Release|Any CPU.Build.0 = Release|Any CPU
		{4B2D475F-8191-4AE0-975F-1D24AED376EE}.Release|x64.ActiveCfg = Release|Any CPU
		{4B2D475F-8191-4AE0-975F-1D24AED376EE}.Release|x64.Build.0 = Release|Any CPU
		{4B2D475F-8191-4AE0-975F-1D24AED376EE}.Release|x86.ActiveCfg = Release|Any CPU
		{4B2D475F-8191-4AE0-975F-1D24AED376EE}.Release|x86.Build.0 = Release|Any CPU
		{47088E1F-8190-4502-AD90-5F919D81AF6A}.Debug|Any CPU.ActiveCfg = Debug|Any CPU
		{47088E1F-8190-4502-AD90-5F919D81AF6A}.Debug|Any CPU.Build.0 = Debug|Any CPU
		{47088E1F-8190-4502-AD90-5F919D81AF6A}.Debug|x64.ActiveCfg = Debug|Any CPU
		{47088E1F-8190-4502-AD90-5F919D81AF6A}.Debug|x64.Build.0 = Debug|Any CPU
		{47088E1F-8190-4502-AD90-5F919D81AF6A}.Debug|x86.ActiveCfg = Debug|Any CPU
		{47088E1F-8190-4502-AD90-5F919D81AF6A}.Debug|x86.Build.0 = Debug|Any CPU
		{47088E1F-8190-4502-AD90-5F919D81AF6A}.Release|Any CPU.ActiveCfg = Release|Any CPU
		{47088E1F-8190-4502-AD90-5F919D81AF6A}.Release|Any CPU.Build.0 = Release|Any CPU
		{47088E1F-8190-4502-AD90-5F919D81AF6A}.Release|x64.ActiveCfg = Release|Any CPU
		{47088E1F-8190-4502-AD90-5F919D81AF6A}.Release|x64.Build.0 = Release|Any CPU
		{47088E1F-8190-4502-AD90-5F919D81AF6A}.Release|x86.ActiveCfg = Release|Any CPU
		{47088E1F-8190-4502-AD90-5F919D81AF6A}.Release|x86.Build.0 = Release|Any CPU
		{2FB578D4-D431-492D-B6FC-707F2980B2CB}.Debug|Any CPU.ActiveCfg = Debug|Any CPU
		{2FB578D4-D431-492D-B6FC-707F2980B2CB}.Debug|Any CPU.Build.0 = Debug|Any CPU
		{2FB578D4-D431-492D-B6FC-707F2980B2CB}.Debug|x64.ActiveCfg = Debug|Any CPU
		{2FB578D4-D431-492D-B6FC-707F2980B2CB}.Debug|x64.Build.0 = Debug|Any CPU
		{2FB578D4-D431-492D-B6FC-707F2980B2CB}.Debug|x86.ActiveCfg = Debug|Any CPU
		{2FB578D4-D431-492D-B6FC-707F2980B2CB}.Debug|x86.Build.0 = Debug|Any CPU
		{2FB578D4-D431-492D-B6FC-707F2980B2CB}.Release|Any CPU.ActiveCfg = Release|Any CPU
		{2FB578D4-D431-492D-B6FC-707F2980B2CB}.Release|Any CPU.Build.0 = Release|Any CPU
		{2FB578D4-D431-492D-B6FC-707F2980B2CB}.Release|x64.ActiveCfg = Release|Any CPU
		{2FB578D4-D431-492D-B6FC-707F2980B2CB}.Release|x64.Build.0 = Release|Any CPU
		{2FB578D4-D431-492D-B6FC-707F2980B2CB}.Release|x86.ActiveCfg = Release|Any CPU
		{2FB578D4-D431-492D-B6FC-707F2980B2CB}.Release|x86.Build.0 = Release|Any CPU
	EndGlobalSection
	GlobalSection(NestedProjects) = preSolution
		{99F70882-2CBE-40B1-9537-D9EA455D68BD} = {F096DE9E-4D0C-413E-B5A6-58DFBA435D81}
		{4B2D475F-8191-4AE0-975F-1D24AED376EE} = {F096DE9E-4D0C-413E-B5A6-58DFBA435D81}
		{47088E1F-8190-4502-AD90-5F919D81AF6A} = {F096DE9E-4D0C-413E-B5A6-58DFBA435D81}
	EndGlobalSection
EndGlobal
