
Microsoft Visual Studio Solution File, Format Version 12.00
# Visual Studio Version 17
VisualStudioVersion = 17.0.31903.59
MinimumVisualStudioVersion = 10.0.40219.1
Project("{FAE04EC0-301F-11D3-BF4B-00C04F79EFBC}") = "Application", "Application\Application.csproj", "{1FEFF4BE-D1C7-44BC-A137-3A73DD65EBFF}"
EndProject
Project("{FAE04EC0-301F-11D3-BF4B-00C04F79EFBC}") = "Tests", "Tests\Tests.csproj", "{4F8FC8DB-E80D-4AB0-AB20-379C49C3AD46}"
EndProject
Project("{FAE04EC0-301F-11D3-BF4B-00C04F79EFBC}") = "Domain", "Domain\Domain.csproj", "{7083CC9F-D7E1-4CDF-9E61-B48D1344165F}"
EndProject
Project("{FAE04EC0-301F-11D3-BF4B-00C04F79EFBC}") = "App", "App\App.csproj", "{9B5996F9-850E-4B5A-8708-D0BE425DD55A}"
EndProject
Global
	GlobalSection(SolutionConfigurationPlatforms) = preSolution
		Debug|Any CPU = Debug|Any CPU
		Release|Any CPU = Release|Any CPU
	EndGlobalSection
	GlobalSection(SolutionProperties) = preSolution
		HideSolutionNode = FALSE
	EndGlobalSection
	GlobalSection(ProjectConfigurationPlatforms) = postSolution
		{E79EF2E9-3D77-4CA1-B671-3A50931F7894}.Debug|Any CPU.ActiveCfg = Debug|Any CPU
		{E79EF2E9-3D77-4CA1-B671-3A50931F7894}.Debug|Any CPU.Build.0 = Debug|Any CPU
		{E79EF2E9-3D77-4CA1-B671-3A50931F7894}.Release|Any CPU.ActiveCfg = Release|Any CPU
		{E79EF2E9-3D77-4CA1-B671-3A50931F7894}.Release|Any CPU.Build.0 = Release|Any CPU
		{53B7E556-7E15-4E85-8225-6EF4C3F65892}.Debug|Any CPU.ActiveCfg = Debug|Any CPU
		{53B7E556-7E15-4E85-8225-6EF4C3F65892}.Debug|Any CPU.Build.0 = Debug|Any CPU
		{53B7E556-7E15-4E85-8225-6EF4C3F65892}.Release|Any CPU.ActiveCfg = Release|Any CPU
		{53B7E556-7E15-4E85-8225-6EF4C3F65892}.Release|Any CPU.Build.0 = Release|Any CPU
		{1FEFF4BE-D1C7-44BC-A137-3A73DD65EBFF}.Debug|Any CPU.ActiveCfg = Debug|Any CPU
		{1FEFF4BE-D1C7-44BC-A137-3A73DD65EBFF}.Debug|Any CPU.Build.0 = Debug|Any CPU
		{1FEFF4BE-D1C7-44BC-A137-3A73DD65EBFF}.Release|Any CPU.ActiveCfg = Release|Any CPU
		{1FEFF4BE-D1C7-44BC-A137-3A73DD65EBFF}.Release|Any CPU.Build.0 = Release|Any CPU
		{4F8FC8DB-E80D-4AB0-AB20-379C49C3AD46}.Debug|Any CPU.ActiveCfg = Debug|Any CPU
		{4F8FC8DB-E80D-4AB0-AB20-379C49C3AD46}.Debug|Any CPU.Build.0 = Debug|Any CPU
		{4F8FC8DB-E80D-4AB0-AB20-379C49C3AD46}.Release|Any CPU.ActiveCfg = Release|Any CPU
		{4F8FC8DB-E80D-4AB0-AB20-379C49C3AD46}.Release|Any CPU.Build.0 = Release|Any CPU
		{7083CC9F-D7E1-4CDF-9E61-B48D1344165F}.Debug|Any CPU.ActiveCfg = Debug|Any CPU
		{7083CC9F-D7E1-4CDF-9E61-B48D1344165F}.Debug|Any CPU.Build.0 = Debug|Any CPU
		{7083CC9F-D7E1-4CDF-9E61-B48D1344165F}.Release|Any CPU.ActiveCfg = Release|Any CPU
		{7083CC9F-D7E1-4CDF-9E61-B48D1344165F}.Release|Any CPU.Build.0 = Release|Any CPU
		{9B5996F9-850E-4B5A-8708-D0BE425DD55A}.Debug|Any CPU.ActiveCfg = Debug|Any CPU
		{9B5996F9-850E-4B5A-8708-D0BE425DD55A}.Debug|Any CPU.Build.0 = Debug|Any CPU
		{9B5996F9-850E-4B5A-8708-D0BE425DD55A}.Release|Any CPU.ActiveCfg = Release|Any CPU
		{9B5996F9-850E-4B5A-8708-D0BE425DD55A}.Release|Any CPU.Build.0 = Release|Any CPU
	EndGlobalSection
EndGlobal
